// !$*UTF8*$!
{
	archiveVersion = 1;
	classes = {
	};
	objectVersion = 46;
	objects = {

/* Begin PBXBuildFile section */
		18020B7612C67608001F2D16 /* ObjectAlNumber.mm in Sources */ = {isa = PBXBuildFile; fileRef = 18020B7512C67608001F2D16 /* ObjectAlNumber.mm */; };
		1808F33512D9F82C00522EED /* mainController.xib in Resources */ = {isa = PBXBuildFile; fileRef = 1808F33212D9F82C00522EED /* mainController.xib */; };
		1808F33612D9F82C00522EED /* MainWindow.xib in Resources */ = {isa = PBXBuildFile; fileRef = 1808F33312D9F82C00522EED /* MainWindow.xib */; };
		1808F33712D9F82C00522EED /* PreviewController.xib in Resources */ = {isa = PBXBuildFile; fileRef = 1808F33412D9F82C00522EED /* PreviewController.xib */; };
		1808F33F12D9F85700522EED /* mainController-ipad.xib in Resources */ = {isa = PBXBuildFile; fileRef = 1808F33C12D9F85700522EED /* mainController-ipad.xib */; };
		1808F34012D9F85700522EED /* MainWindow-iPad.xib in Resources */ = {isa = PBXBuildFile; fileRef = 1808F33D12D9F85700522EED /* MainWindow-iPad.xib */; };
		1808F34112D9F85700522EED /* PreviewController-ipad.xib in Resources */ = {isa = PBXBuildFile; fileRef = 1808F33E12D9F85700522EED /* PreviewController-ipad.xib */; };
		1808F46A12D9F94100522EED /* icon.png in Resources */ = {isa = PBXBuildFile; fileRef = 1808F36312D9F94100522EED /* icon.png */; };
		1808F46E12D9F94100522EED /* Default.png in Resources */ = {isa = PBXBuildFile; fileRef = 1808F36912D9F94100522EED /* Default.png */; };
		1808F46F12D9F94100522EED /* Default@2x.png in Resources */ = {isa = PBXBuildFile; fileRef = 1808F36A12D9F94100522EED /* Default@2x.png */; };
		1808F62112DA0ECD00522EED /* FunDream_1-Info.plist in Resources */ = {isa = PBXBuildFile; fileRef = 1808F62012DA0ECD00522EED /* FunDream_1-Info.plist */; };
		181F2BA712D5019E008A6482 /* ObjectButton.mm in Sources */ = {isa = PBXBuildFile; fileRef = 181F2BA512D5019E008A6482 /* ObjectButton.mm */; };
		181F2BB712D50229008A6482 /* ObjectCup.mm in Sources */ = {isa = PBXBuildFile; fileRef = 181F2BB512D50229008A6482 /* ObjectCup.mm */; };
		183C009013CE08F60013CB08 /* Dictionary_Ex.m in Sources */ = {isa = PBXBuildFile; fileRef = 183C008F13CE08F60013CB08 /* Dictionary_Ex.m */; };
		183C009213CE09D80013CB08 /* iAd.framework in Frameworks */ = {isa = PBXBuildFile; fileRef = 183C009113CE09D80013CB08 /* iAd.framework */; };
		18444D9B13D93A6C0058ADC9 /* Mega_tree.m in Sources */ = {isa = PBXBuildFile; fileRef = 18444D9A13D93A6C0058ADC9 /* Mega_tree.m */; };
		18444D9E13D93D8D0058ADC9 /* ObjectTest.mm in Sources */ = {isa = PBXBuildFile; fileRef = 18444D9D13D93D8D0058ADC9 /* ObjectTest.mm */; };
		1852D3D513D18B2C00180809 /* texture in Resources */ = {isa = PBXBuildFile; fileRef = 1852D3D413D18B2B00180809 /* texture */; };
		1852D3D813D1F29500180809 /* sounds in Resources */ = {isa = PBXBuildFile; fileRef = 1852D3D613D1F29500180809 /* sounds */; };
		1852D3D913D1F29500180809 /* sounds_loop in Resources */ = {isa = PBXBuildFile; fileRef = 1852D3D713D1F29500180809 /* sounds_loop */; };
		1859FF791295BEEB00898BFE /* GameLogicObject.mm in Sources */ = {isa = PBXBuildFile; fileRef = 1859FF781295BEEB00898BFE /* GameLogicObject.mm */; };
		187D25CF13E5ABF600C82DBB /* Processor_ex.mm in Sources */ = {isa = PBXBuildFile; fileRef = 187D25CE13E5ABF600C82DBB /* Processor_ex.mm */; };
		187E228F1165E9CB00EA912F /* SoundEngine.cpp in Sources */ = {isa = PBXBuildFile; fileRef = 187E228D1165E9CB00EA912F /* SoundEngine.cpp */; };
		187E22A61165EC3200EA912F /* CoreAudio.framework in Frameworks */ = {isa = PBXBuildFile; fileRef = 187E22A51165EC3200EA912F /* CoreAudio.framework */; };
		187E22CE1165EC7600EA912F /* AudioToolbox.framework in Frameworks */ = {isa = PBXBuildFile; fileRef = 187E22CD1165EC7600EA912F /* AudioToolbox.framework */; };
		187E22D41165ECA100EA912F /* QuartzCore.framework in Frameworks */ = {isa = PBXBuildFile; fileRef = 187E22D31165ECA100EA912F /* QuartzCore.framework */; };
		187E22DA1165ECC200EA912F /* OpenAL.framework in Frameworks */ = {isa = PBXBuildFile; fileRef = 187E22D91165ECC200EA912F /* OpenAL.framework */; };
		189015721291684E0027418F /* MKStoreManager.m in Sources */ = {isa = PBXBuildFile; fileRef = 1890156E1291684E0027418F /* MKStoreManager.m */; };
		189015731291684E0027418F /* MKStoreObserver.m in Sources */ = {isa = PBXBuildFile; fileRef = 189015701291684E0027418F /* MKStoreObserver.m */; };
		189015AB129171540027418F /* DtManager.m in Sources */ = {isa = PBXBuildFile; fileRef = 189015A8129171540027418F /* DtManager.m */; };
		189015AC129171540027418F /* PlManager.m in Sources */ = {isa = PBXBuildFile; fileRef = 189015AA129171540027418F /* PlManager.m */; };
		189015F1129175060027418F /* PrSettings.m in Sources */ = {isa = PBXBuildFile; fileRef = 189015D5129175060027418F /* PrSettings.m */; };
		189015F3129175060027418F /* PreviewController.m in Sources */ = {isa = PBXBuildFile; fileRef = 189015DE129175060027418F /* PreviewController.m */; };
		189015F6129175060027418F /* RootViewController.m in Sources */ = {isa = PBXBuildFile; fileRef = 189015E2129175060027418F /* RootViewController.m */; };
		189015FA129175060027418F /* ObjectManager_Ex.mm in Sources */ = {isa = PBXBuildFile; fileRef = 189015E8129175060027418F /* ObjectManager_Ex.mm */; };
		189015FC129175060027418F /* MainController.m in Sources */ = {isa = PBXBuildFile; fileRef = 189015EC129175060027418F /* MainController.m */; };
		1890161C129178860027418F /* Object.m in Sources */ = {isa = PBXBuildFile; fileRef = 18901615129178860027418F /* Object.m */; };
		1890161D129178860027418F /* Physics.mm in Sources */ = {isa = PBXBuildFile; fileRef = 18901616129178860027418F /* Physics.mm */; };
		1890161E129178860027418F /* Jumper.mm in Sources */ = {isa = PBXBuildFile; fileRef = 18901618129178860027418F /* Jumper.mm */; };
		189EB338125B052200262E27 /* StoreKit.framework in Frameworks */ = {isa = PBXBuildFile; fileRef = 189EB337125B052200262E27 /* StoreKit.framework */; };
		18D79553127B29C800BD5445 /* GLView.m in Sources */ = {isa = PBXBuildFile; fileRef = 18D79552127B29C800BD5445 /* GLView.m */; };
		18D79587127B2A4700BD5445 /* OpenGLES.framework in Frameworks */ = {isa = PBXBuildFile; fileRef = 18D79586127B2A4700BD5445 /* OpenGLES.framework */; };
		18F86B30129975A20068A469 /* ObjectTemplet.mm in Sources */ = {isa = PBXBuildFile; fileRef = 18F86B2F129975A20068A469 /* ObjectTemplet.mm */; };
		18F86DE6129A9A4E0068A469 /* StaticObject.mm in Sources */ = {isa = PBXBuildFile; fileRef = 18F86DE5129A9A4E0068A469 /* StaticObject.mm */; };
		18FFC80E121597520092C8F5 /* CFNetwork.framework in Frameworks */ = {isa = PBXBuildFile; fileRef = 18FFC80D121597520092C8F5 /* CFNetwork.framework */; };
		1D3623260D0F684500981E51 /* EngineAppDelegate.m in Sources */ = {isa = PBXBuildFile; fileRef = 1D3623250D0F684500981E51 /* EngineAppDelegate.m */; };
		1D60589B0D05DD56006BFB54 /* main.m in Sources */ = {isa = PBXBuildFile; fileRef = 29B97316FDCFA39411CA2CEA /* main.m */; };
		1D60589F0D05DD5A006BFB54 /* Foundation.framework in Frameworks */ = {isa = PBXBuildFile; fileRef = 1D30AB110D05D00D00671497 /* Foundation.framework */; };
		1DF5F4E00D08C38300B7A737 /* UIKit.framework in Frameworks */ = {isa = PBXBuildFile; fileRef = 1DF5F4DF0D08C38300B7A737 /* UIKit.framework */; };
		288765FD0DF74451002DB57D /* CoreGraphics.framework in Frameworks */ = {isa = PBXBuildFile; fileRef = 288765FC0DF74451002DB57D /* CoreGraphics.framework */; };
		8C80A4E1125357AC003DDD40 /* MessageUI.framework in Frameworks */ = {isa = PBXBuildFile; fileRef = 8C80A4E0125357AC003DDD40 /* MessageUI.framework */; };
		8C80A4E9125357EF003DDD40 /* Security.framework in Frameworks */ = {isa = PBXBuildFile; fileRef = 8C80A4E8125357EF003DDD40 /* Security.framework */; };
		8C80A4EF12535808003DDD40 /* SystemConfiguration.framework in Frameworks */ = {isa = PBXBuildFile; fileRef = 8C80A4EE12535808003DDD40 /* SystemConfiguration.framework */; };
		8CB02170122E4CCF00246E8A /* b2BroadPhase.cpp in Sources */ = {isa = PBXBuildFile; fileRef = 8CB02074122E4CCF00246E8A /* b2BroadPhase.cpp */; };
		8CB02171122E4CCF00246E8A /* b2CollideCircle.cpp in Sources */ = {isa = PBXBuildFile; fileRef = 8CB02076122E4CCF00246E8A /* b2CollideCircle.cpp */; };
		8CB02172122E4CCF00246E8A /* b2CollidePoly.cpp in Sources */ = {isa = PBXBuildFile; fileRef = 8CB02077122E4CCF00246E8A /* b2CollidePoly.cpp */; };
		8CB02173122E4CCF00246E8A /* b2Collision.cpp in Sources */ = {isa = PBXBuildFile; fileRef = 8CB02078122E4CCF00246E8A /* b2Collision.cpp */; };
		8CB02174122E4CCF00246E8A /* b2Distance.cpp in Sources */ = {isa = PBXBuildFile; fileRef = 8CB0207A122E4CCF00246E8A /* b2Distance.cpp */; };
		8CB02175122E4CCF00246E8A /* b2PairManager.cpp in Sources */ = {isa = PBXBuildFile; fileRef = 8CB0207B122E4CCF00246E8A /* b2PairManager.cpp */; };
		8CB02176122E4CCF00246E8A /* b2TimeOfImpact.cpp in Sources */ = {isa = PBXBuildFile; fileRef = 8CB0207D122E4CCF00246E8A /* b2TimeOfImpact.cpp */; };
		8CB02177122E4CCF00246E8A /* b2CircleShape.cpp in Sources */ = {isa = PBXBuildFile; fileRef = 8CB0207F122E4CCF00246E8A /* b2CircleShape.cpp */; };
		8CB02178122E4CCF00246E8A /* b2PolygonShape.cpp in Sources */ = {isa = PBXBuildFile; fileRef = 8CB02081122E4CCF00246E8A /* b2PolygonShape.cpp */; };
		8CB02179122E4CCF00246E8A /* b2Shape.cpp in Sources */ = {isa = PBXBuildFile; fileRef = 8CB02083122E4CCF00246E8A /* b2Shape.cpp */; };
		8CB0217A122E4CCF00246E8A /* b2BlockAllocator.cpp in Sources */ = {isa = PBXBuildFile; fileRef = 8CB02086122E4CCF00246E8A /* b2BlockAllocator.cpp */; };
		8CB0217B122E4CCF00246E8A /* b2Math.cpp in Sources */ = {isa = PBXBuildFile; fileRef = 8CB02088122E4CCF00246E8A /* b2Math.cpp */; };
		8CB0217C122E4CCF00246E8A /* b2Settings.cpp in Sources */ = {isa = PBXBuildFile; fileRef = 8CB0208A122E4CCF00246E8A /* b2Settings.cpp */; };
		8CB0217D122E4CCF00246E8A /* b2StackAllocator.cpp in Sources */ = {isa = PBXBuildFile; fileRef = 8CB0208C122E4CCF00246E8A /* b2StackAllocator.cpp */; };
		8CB0217E122E4CCF00246E8A /* b2Body.cpp in Sources */ = {isa = PBXBuildFile; fileRef = 8CB02091122E4CCF00246E8A /* b2Body.cpp */; };
		8CB0217F122E4CCF00246E8A /* b2ContactManager.cpp in Sources */ = {isa = PBXBuildFile; fileRef = 8CB02093122E4CCF00246E8A /* b2ContactManager.cpp */; };
		8CB02180122E4CCF00246E8A /* b2Island.cpp in Sources */ = {isa = PBXBuildFile; fileRef = 8CB02095122E4CCF00246E8A /* b2Island.cpp */; };
		8CB02181122E4CCF00246E8A /* b2World.cpp in Sources */ = {isa = PBXBuildFile; fileRef = 8CB02097122E4CCF00246E8A /* b2World.cpp */; };
		8CB02182122E4CCF00246E8A /* b2WorldCallbacks.cpp in Sources */ = {isa = PBXBuildFile; fileRef = 8CB02099122E4CCF00246E8A /* b2WorldCallbacks.cpp */; };
		8CB02183122E4CCF00246E8A /* b2CircleContact.cpp in Sources */ = {isa = PBXBuildFile; fileRef = 8CB0209C122E4CCF00246E8A /* b2CircleContact.cpp */; };
		8CB02184122E4CCF00246E8A /* b2Contact.cpp in Sources */ = {isa = PBXBuildFile; fileRef = 8CB0209E122E4CCF00246E8A /* b2Contact.cpp */; };
		8CB02185122E4CCF00246E8A /* b2ContactSolver.cpp in Sources */ = {isa = PBXBuildFile; fileRef = 8CB020A0122E4CCF00246E8A /* b2ContactSolver.cpp */; };
		8CB02186122E4CCF00246E8A /* b2PolyAndCircleContact.cpp in Sources */ = {isa = PBXBuildFile; fileRef = 8CB020A3122E4CCF00246E8A /* b2PolyAndCircleContact.cpp */; };
		8CB02187122E4CCF00246E8A /* b2PolyContact.cpp in Sources */ = {isa = PBXBuildFile; fileRef = 8CB020A5122E4CCF00246E8A /* b2PolyContact.cpp */; };
		8CB02188122E4CCF00246E8A /* b2DistanceJoint.cpp in Sources */ = {isa = PBXBuildFile; fileRef = 8CB020A8122E4CCF00246E8A /* b2DistanceJoint.cpp */; };
		8CB02189122E4CCF00246E8A /* b2GearJoint.cpp in Sources */ = {isa = PBXBuildFile; fileRef = 8CB020AA122E4CCF00246E8A /* b2GearJoint.cpp */; };
		8CB0218A122E4CCF00246E8A /* b2Joint.cpp in Sources */ = {isa = PBXBuildFile; fileRef = 8CB020AC122E4CCF00246E8A /* b2Joint.cpp */; };
		8CB0218B122E4CCF00246E8A /* b2MouseJoint.cpp in Sources */ = {isa = PBXBuildFile; fileRef = 8CB020AE122E4CCF00246E8A /* b2MouseJoint.cpp */; };
		8CB0218C122E4CCF00246E8A /* b2PrismaticJoint.cpp in Sources */ = {isa = PBXBuildFile; fileRef = 8CB020B0122E4CCF00246E8A /* b2PrismaticJoint.cpp */; };
		8CB0218D122E4CCF00246E8A /* b2PulleyJoint.cpp in Sources */ = {isa = PBXBuildFile; fileRef = 8CB020B2122E4CCF00246E8A /* b2PulleyJoint.cpp */; };
		8CB0218E122E4CCF00246E8A /* b2RevoluteJoint.cpp in Sources */ = {isa = PBXBuildFile; fileRef = 8CB020B4122E4CCF00246E8A /* b2RevoluteJoint.cpp */; };
/* End PBXBuildFile section */

/* Begin PBXFileReference section */
		18020B7412C67608001F2D16 /* ObjectAlNumber.h */ = {isa = PBXFileReference; fileEncoding = 4; lastKnownFileType = sourcecode.c.h; name = ObjectAlNumber.h; path = objects/ObjectAlNumber.h; sourceTree = "<group>"; };
		18020B7512C67608001F2D16 /* ObjectAlNumber.mm */ = {isa = PBXFileReference; fileEncoding = 4; lastKnownFileType = sourcecode.cpp.objcpp; name = ObjectAlNumber.mm; path = objects/ObjectAlNumber.mm; sourceTree = "<group>"; };
		1808F33212D9F82C00522EED /* mainController.xib */ = {isa = PBXFileReference; lastKnownFileType = file.xib; path = mainController.xib; sourceTree = "<group>"; };
		1808F33312D9F82C00522EED /* MainWindow.xib */ = {isa = PBXFileReference; lastKnownFileType = file.xib; path = MainWindow.xib; sourceTree = "<group>"; };
		1808F33412D9F82C00522EED /* PreviewController.xib */ = {isa = PBXFileReference; lastKnownFileType = file.xib; path = PreviewController.xib; sourceTree = "<group>"; };
		1808F33C12D9F85700522EED /* mainController-ipad.xib */ = {isa = PBXFileReference; lastKnownFileType = file.xib; path = "mainController-ipad.xib"; sourceTree = "<group>"; };
		1808F33D12D9F85700522EED /* MainWindow-iPad.xib */ = {isa = PBXFileReference; lastKnownFileType = file.xib; path = "MainWindow-iPad.xib"; sourceTree = "<group>"; };
		1808F33E12D9F85700522EED /* PreviewController-ipad.xib */ = {isa = PBXFileReference; lastKnownFileType = file.xib; path = "PreviewController-ipad.xib"; sourceTree = "<group>"; };
		1808F36312D9F94100522EED /* icon.png */ = {isa = PBXFileReference; lastKnownFileType = image.png; path = icon.png; sourceTree = "<group>"; };
		1808F36912D9F94100522EED /* Default.png */ = {isa = PBXFileReference; lastKnownFileType = image.png; path = Default.png; sourceTree = "<group>"; };
		1808F36A12D9F94100522EED /* Default@2x.png */ = {isa = PBXFileReference; lastKnownFileType = image.png; path = "Default@2x.png"; sourceTree = "<group>"; };
		1808F62012DA0ECD00522EED /* FunDream_1-Info.plist */ = {isa = PBXFileReference; fileEncoding = 4; lastKnownFileType = text.plist.xml; path = "FunDream_1-Info.plist"; sourceTree = "<group>"; };
		181F2BA512D5019E008A6482 /* ObjectButton.mm */ = {isa = PBXFileReference; fileEncoding = 4; lastKnownFileType = sourcecode.cpp.objcpp; name = ObjectButton.mm; path = objects/ObjectButton.mm; sourceTree = "<group>"; };
		181F2BA612D5019E008A6482 /* ObjectButton.h */ = {isa = PBXFileReference; fileEncoding = 4; lastKnownFileType = sourcecode.c.h; name = ObjectButton.h; path = objects/ObjectButton.h; sourceTree = "<group>"; };
		181F2BB512D50229008A6482 /* ObjectCup.mm */ = {isa = PBXFileReference; fileEncoding = 4; lastKnownFileType = sourcecode.cpp.objcpp; name = ObjectCup.mm; path = objects/ObjectCup.mm; sourceTree = "<group>"; };
		181F2BB612D50229008A6482 /* ObjectCup.h */ = {isa = PBXFileReference; fileEncoding = 4; lastKnownFileType = sourcecode.c.h; name = ObjectCup.h; path = objects/ObjectCup.h; sourceTree = "<group>"; };
		1820909A125DE2D8000CDB9D /* StoreKit.framework */ = {isa = PBXFileReference; lastKnownFileType = wrapper.framework; name = StoreKit.framework; path = System/Library/Frameworks/StoreKit.framework; sourceTree = SDKROOT; };
		183C008E13CE08F60013CB08 /* Dictionary_Ex.h */ = {isa = PBXFileReference; fileEncoding = 4; lastKnownFileType = sourcecode.c.h; path = Dictionary_Ex.h; sourceTree = "<group>"; };
		183C008F13CE08F60013CB08 /* Dictionary_Ex.m */ = {isa = PBXFileReference; fileEncoding = 4; lastKnownFileType = sourcecode.c.objc; path = Dictionary_Ex.m; sourceTree = "<group>"; };
		183C009113CE09D80013CB08 /* iAd.framework */ = {isa = PBXFileReference; lastKnownFileType = wrapper.framework; name = iAd.framework; path = System/Library/Frameworks/iAd.framework; sourceTree = SDKROOT; };
		18444D9913D93A6C0058ADC9 /* Mega_tree.h */ = {isa = PBXFileReference; fileEncoding = 4; lastKnownFileType = sourcecode.c.h; path = Mega_tree.h; sourceTree = "<group>"; };
		18444D9A13D93A6C0058ADC9 /* Mega_tree.m */ = {isa = PBXFileReference; fileEncoding = 4; lastKnownFileType = sourcecode.c.objc; path = Mega_tree.m; sourceTree = "<group>"; };
		18444D9C13D93D8D0058ADC9 /* ObjectTest.h */ = {isa = PBXFileReference; fileEncoding = 4; lastKnownFileType = sourcecode.c.h; name = ObjectTest.h; path = objects/ObjectTest.h; sourceTree = "<group>"; };
		18444D9D13D93D8D0058ADC9 /* ObjectTest.mm */ = {isa = PBXFileReference; fileEncoding = 4; lastKnownFileType = sourcecode.cpp.objcpp; name = ObjectTest.mm; path = objects/ObjectTest.mm; sourceTree = "<group>"; };
		1852D3D413D18B2B00180809 /* texture */ = {isa = PBXFileReference; lastKnownFileType = folder; path = texture; sourceTree = SOURCE_ROOT; };
		1852D3D613D1F29500180809 /* sounds */ = {isa = PBXFileReference; lastKnownFileType = folder; path = sounds; sourceTree = SOURCE_ROOT; };
		1852D3D713D1F29500180809 /* sounds_loop */ = {isa = PBXFileReference; lastKnownFileType = folder; path = sounds_loop; sourceTree = SOURCE_ROOT; };
		1859FF781295BEEB00898BFE /* GameLogicObject.mm */ = {isa = PBXFileReference; fileEncoding = 4; lastKnownFileType = sourcecode.cpp.objcpp; name = GameLogicObject.mm; path = objects/GameLogicObject.mm; sourceTree = "<group>"; };
		187D25CD13E5ABF600C82DBB /* Processor_ex.h */ = {isa = PBXFileReference; fileEncoding = 4; lastKnownFileType = sourcecode.c.h; path = Processor_ex.h; sourceTree = "<group>"; };
		187D25CE13E5ABF600C82DBB /* Processor_ex.mm */ = {isa = PBXFileReference; fileEncoding = 4; lastKnownFileType = sourcecode.cpp.objcpp; path = Processor_ex.mm; sourceTree = "<group>"; };
		187E228D1165E9CB00EA912F /* SoundEngine.cpp */ = {isa = PBXFileReference; fileEncoding = 4; lastKnownFileType = sourcecode.cpp.cpp; path = SoundEngine.cpp; sourceTree = "<group>"; };
		187E228E1165E9CB00EA912F /* SoundEngine.h */ = {isa = PBXFileReference; fileEncoding = 4; lastKnownFileType = sourcecode.c.h; path = SoundEngine.h; sourceTree = "<group>"; };
		187E22A51165EC3200EA912F /* CoreAudio.framework */ = {isa = PBXFileReference; lastKnownFileType = wrapper.framework; name = CoreAudio.framework; path = System/Library/Frameworks/CoreAudio.framework; sourceTree = SDKROOT; };
		187E22CD1165EC7600EA912F /* AudioToolbox.framework */ = {isa = PBXFileReference; lastKnownFileType = wrapper.framework; name = AudioToolbox.framework; path = System/Library/Frameworks/AudioToolbox.framework; sourceTree = SDKROOT; };
		187E22D31165ECA100EA912F /* QuartzCore.framework */ = {isa = PBXFileReference; lastKnownFileType = wrapper.framework; name = QuartzCore.framework; path = System/Library/Frameworks/QuartzCore.framework; sourceTree = SDKROOT; };
		187E22D91165ECC200EA912F /* OpenAL.framework */ = {isa = PBXFileReference; lastKnownFileType = wrapper.framework; name = OpenAL.framework; path = System/Library/Frameworks/OpenAL.framework; sourceTree = SDKROOT; };
		1890156D1291684E0027418F /* MKStoreManager.h */ = {isa = PBXFileReference; fileEncoding = 4; lastKnownFileType = sourcecode.c.h; path = MKStoreManager.h; sourceTree = "<group>"; };
		1890156E1291684E0027418F /* MKStoreManager.m */ = {isa = PBXFileReference; fileEncoding = 4; lastKnownFileType = sourcecode.c.objc; path = MKStoreManager.m; sourceTree = "<group>"; };
		1890156F1291684E0027418F /* MKStoreObserver.h */ = {isa = PBXFileReference; fileEncoding = 4; lastKnownFileType = sourcecode.c.h; path = MKStoreObserver.h; sourceTree = "<group>"; };
		189015701291684E0027418F /* MKStoreObserver.m */ = {isa = PBXFileReference; fileEncoding = 4; lastKnownFileType = sourcecode.c.objc; path = MKStoreObserver.m; sourceTree = "<group>"; };
		189015711291684E0027418F /* readme.txt */ = {isa = PBXFileReference; fileEncoding = 4; lastKnownFileType = text; path = readme.txt; sourceTree = "<group>"; };
		189015A7129171540027418F /* DtManager.h */ = {isa = PBXFileReference; fileEncoding = 4; lastKnownFileType = sourcecode.c.h; name = DtManager.h; path = FileManagers/DtManager.h; sourceTree = "<group>"; };
		189015A8129171540027418F /* DtManager.m */ = {isa = PBXFileReference; fileEncoding = 4; lastKnownFileType = sourcecode.c.objc; name = DtManager.m; path = FileManagers/DtManager.m; sourceTree = "<group>"; };
		189015A9129171540027418F /* PlManager.h */ = {isa = PBXFileReference; fileEncoding = 4; lastKnownFileType = sourcecode.c.h; name = PlManager.h; path = FileManagers/PlManager.h; sourceTree = "<group>"; };
		189015AA129171540027418F /* PlManager.m */ = {isa = PBXFileReference; fileEncoding = 4; lastKnownFileType = sourcecode.c.objc; name = PlManager.m; path = FileManagers/PlManager.m; sourceTree = "<group>"; };
		189015D5129175060027418F /* PrSettings.m */ = {isa = PBXFileReference; fileEncoding = 4; lastKnownFileType = sourcecode.c.objc; path = PrSettings.m; sourceTree = "<group>"; };
		189015D6129175060027418F /* PrSettings.h */ = {isa = PBXFileReference; fileEncoding = 4; lastKnownFileType = sourcecode.c.h; path = PrSettings.h; sourceTree = "<group>"; };
		189015D7129175060027418F /* RootViewController.h */ = {isa = PBXFileReference; fileEncoding = 4; lastKnownFileType = sourcecode.c.h; path = RootViewController.h; sourceTree = "<group>"; };
		189015DA129175060027418F /* OpenGLCommon.h */ = {isa = PBXFileReference; fileEncoding = 4; lastKnownFileType = sourcecode.c.h; path = OpenGLCommon.h; sourceTree = "<group>"; };
		189015DD129175060027418F /* PreviewController.h */ = {isa = PBXFileReference; fileEncoding = 4; lastKnownFileType = sourcecode.c.h; path = PreviewController.h; sourceTree = "<group>"; };
		189015DE129175060027418F /* PreviewController.m */ = {isa = PBXFileReference; fileEncoding = 4; lastKnownFileType = sourcecode.c.objc; path = PreviewController.m; sourceTree = "<group>"; };
		189015E2129175060027418F /* RootViewController.m */ = {isa = PBXFileReference; fileEncoding = 4; lastKnownFileType = sourcecode.c.objc; path = RootViewController.m; sourceTree = "<group>"; };
		189015E8129175060027418F /* ObjectManager_Ex.mm */ = {isa = PBXFileReference; fileEncoding = 4; lastKnownFileType = sourcecode.cpp.objcpp; path = ObjectManager_Ex.mm; sourceTree = "<group>"; };
		189015EA129175060027418F /* ObjectManager_Ex.h */ = {isa = PBXFileReference; fileEncoding = 4; lastKnownFileType = sourcecode.c.h; path = ObjectManager_Ex.h; sourceTree = "<group>"; };
		189015EB129175060027418F /* MainController.h */ = {isa = PBXFileReference; fileEncoding = 4; lastKnownFileType = sourcecode.c.h; path = MainController.h; sourceTree = "<group>"; };
		189015EC129175060027418F /* MainController.m */ = {isa = PBXFileReference; fileEncoding = 4; lastKnownFileType = sourcecode.c.objc; path = MainController.m; sourceTree = "<group>"; };
		18901614129178860027418F /* Object.h */ = {isa = PBXFileReference; fileEncoding = 4; lastKnownFileType = sourcecode.c.h; name = Object.h; path = objects/Object.h; sourceTree = "<group>"; };
		18901615129178860027418F /* Object.m */ = {isa = PBXFileReference; fileEncoding = 4; lastKnownFileType = sourcecode.c.objc; name = Object.m; path = objects/Object.m; sourceTree = "<group>"; };
		18901616129178860027418F /* Physics.mm */ = {isa = PBXFileReference; fileEncoding = 4; lastKnownFileType = sourcecode.cpp.objcpp; name = Physics.mm; path = objects/Physics.mm; sourceTree = "<group>"; };
		18901617129178860027418F /* Jumper.h */ = {isa = PBXFileReference; fileEncoding = 4; lastKnownFileType = sourcecode.c.h; name = Jumper.h; path = objects/Jumper.h; sourceTree = "<group>"; };
		18901618129178860027418F /* Jumper.mm */ = {isa = PBXFileReference; fileEncoding = 4; lastKnownFileType = sourcecode.cpp.objcpp; name = Jumper.mm; path = objects/Jumper.mm; sourceTree = "<group>"; };
		1890161A129178860027418F /* Physics.h */ = {isa = PBXFileReference; fileEncoding = 4; lastKnownFileType = sourcecode.c.h; name = Physics.h; path = objects/Physics.h; sourceTree = "<group>"; };
		1890164312917AE10027418F /* GameLogicObject.h */ = {isa = PBXFileReference; fileEncoding = 4; lastKnownFileType = sourcecode.c.h; name = GameLogicObject.h; path = objects/GameLogicObject.h; sourceTree = "<group>"; };
		189EB337125B052200262E27 /* StoreKit.framework */ = {isa = PBXFileReference; lastKnownFileType = wrapper.framework; name = StoreKit.framework; path = System/Library/Frameworks/StoreKit.framework; sourceTree = SDKROOT; };
		18D79551127B29C800BD5445 /* GLView.h */ = {isa = PBXFileReference; fileEncoding = 4; lastKnownFileType = sourcecode.c.h; path = GLView.h; sourceTree = "<group>"; };
		18D79552127B29C800BD5445 /* GLView.m */ = {isa = PBXFileReference; fileEncoding = 4; lastKnownFileType = sourcecode.c.objc; path = GLView.m; sourceTree = "<group>"; };
		18D79556127B29E600BD5445 /* ConstantsAndMacros.h */ = {isa = PBXFileReference; fileEncoding = 4; lastKnownFileType = sourcecode.c.h; path = ConstantsAndMacros.h; sourceTree = "<group>"; };
		18D79559127B2A0000BD5445 /* OpenGLCommon.h */ = {isa = PBXFileReference; fileEncoding = 4; lastKnownFileType = sourcecode.c.h; path = OpenGLCommon.h; sourceTree = "<group>"; };
		18D79586127B2A4700BD5445 /* OpenGLES.framework */ = {isa = PBXFileReference; lastKnownFileType = wrapper.framework; name = OpenGLES.framework; path = System/Library/Frameworks/OpenGLES.framework; sourceTree = SDKROOT; };
		18F86B2E129975A20068A469 /* ObjectTemplet.h */ = {isa = PBXFileReference; fileEncoding = 4; lastKnownFileType = sourcecode.c.h; name = ObjectTemplet.h; path = objects/ObjectTemplet.h; sourceTree = "<group>"; };
		18F86B2F129975A20068A469 /* ObjectTemplet.mm */ = {isa = PBXFileReference; fileEncoding = 4; lastKnownFileType = sourcecode.cpp.objcpp; name = ObjectTemplet.mm; path = objects/ObjectTemplet.mm; sourceTree = "<group>"; };
		18F86DE4129A9A4E0068A469 /* StaticObject.h */ = {isa = PBXFileReference; fileEncoding = 4; lastKnownFileType = sourcecode.c.h; name = StaticObject.h; path = objects/StaticObject.h; sourceTree = "<group>"; };
		18F86DE5129A9A4E0068A469 /* StaticObject.mm */ = {isa = PBXFileReference; fileEncoding = 4; lastKnownFileType = sourcecode.cpp.objcpp; name = StaticObject.mm; path = objects/StaticObject.mm; sourceTree = "<group>"; };
		18FFC80D121597520092C8F5 /* CFNetwork.framework */ = {isa = PBXFileReference; lastKnownFileType = wrapper.framework; name = CFNetwork.framework; path = System/Library/Frameworks/CFNetwork.framework; sourceTree = SDKROOT; };
		1D30AB110D05D00D00671497 /* Foundation.framework */ = {isa = PBXFileReference; lastKnownFileType = wrapper.framework; name = Foundation.framework; path = System/Library/Frameworks/Foundation.framework; sourceTree = SDKROOT; };
		1D3623240D0F684500981E51 /* EngineAppDelegate.h */ = {isa = PBXFileReference; fileEncoding = 4; lastKnownFileType = sourcecode.c.h; path = EngineAppDelegate.h; sourceTree = "<group>"; };
		1D3623250D0F684500981E51 /* EngineAppDelegate.m */ = {isa = PBXFileReference; explicitFileType = sourcecode.cpp.objcpp; fileEncoding = 4; path = EngineAppDelegate.m; sourceTree = "<group>"; };
		1D6058910D05DD3D006BFB54 /* FunDream_1.app */ = {isa = PBXFileReference; explicitFileType = wrapper.application; includeInIndex = 0; path = FunDream_1.app; sourceTree = BUILT_PRODUCTS_DIR; };
		1DF5F4DF0D08C38300B7A737 /* UIKit.framework */ = {isa = PBXFileReference; lastKnownFileType = wrapper.framework; name = UIKit.framework; path = System/Library/Frameworks/UIKit.framework; sourceTree = SDKROOT; };
		288765FC0DF74451002DB57D /* CoreGraphics.framework */ = {isa = PBXFileReference; lastKnownFileType = wrapper.framework; name = CoreGraphics.framework; path = System/Library/Frameworks/CoreGraphics.framework; sourceTree = SDKROOT; };
		29B97316FDCFA39411CA2CEA /* main.m */ = {isa = PBXFileReference; fileEncoding = 4; lastKnownFileType = sourcecode.c.objc; path = main.m; sourceTree = "<group>"; };
		8C80A4E0125357AC003DDD40 /* MessageUI.framework */ = {isa = PBXFileReference; lastKnownFileType = wrapper.framework; name = MessageUI.framework; path = System/Library/Frameworks/MessageUI.framework; sourceTree = SDKROOT; };
		8C80A4E8125357EF003DDD40 /* Security.framework */ = {isa = PBXFileReference; lastKnownFileType = wrapper.framework; name = Security.framework; path = System/Library/Frameworks/Security.framework; sourceTree = SDKROOT; };
		8C80A4EE12535808003DDD40 /* SystemConfiguration.framework */ = {isa = PBXFileReference; lastKnownFileType = wrapper.framework; name = SystemConfiguration.framework; path = System/Library/Frameworks/SystemConfiguration.framework; sourceTree = SDKROOT; };
		8C90669E11A569110063689E /* FunDream_1_Prefix.pch */ = {isa = PBXFileReference; fileEncoding = 4; lastKnownFileType = sourcecode.c.h; path = FunDream_1_Prefix.pch; sourceTree = "<group>"; };
		8CB0206D122E4CCF00246E8A /* Box2D.h */ = {isa = PBXFileReference; fileEncoding = 4; lastKnownFileType = sourcecode.c.h; path = Box2D.h; sourceTree = "<group>"; };
		8CB02074122E4CCF00246E8A /* b2BroadPhase.cpp */ = {isa = PBXFileReference; fileEncoding = 4; lastKnownFileType = sourcecode.cpp.cpp; path = b2BroadPhase.cpp; sourceTree = "<group>"; };
		8CB02075122E4CCF00246E8A /* b2BroadPhase.h */ = {isa = PBXFileReference; fileEncoding = 4; lastKnownFileType = sourcecode.c.h; path = b2BroadPhase.h; sourceTree = "<group>"; };
		8CB02076122E4CCF00246E8A /* b2CollideCircle.cpp */ = {isa = PBXFileReference; fileEncoding = 4; lastKnownFileType = sourcecode.cpp.cpp; path = b2CollideCircle.cpp; sourceTree = "<group>"; };
		8CB02077122E4CCF00246E8A /* b2CollidePoly.cpp */ = {isa = PBXFileReference; fileEncoding = 4; lastKnownFileType = sourcecode.cpp.cpp; path = b2CollidePoly.cpp; sourceTree = "<group>"; };
		8CB02078122E4CCF00246E8A /* b2Collision.cpp */ = {isa = PBXFileReference; fileEncoding = 4; lastKnownFileType = sourcecode.cpp.cpp; path = b2Collision.cpp; sourceTree = "<group>"; };
		8CB02079122E4CCF00246E8A /* b2Collision.h */ = {isa = PBXFileReference; fileEncoding = 4; lastKnownFileType = sourcecode.c.h; path = b2Collision.h; sourceTree = "<group>"; };
		8CB0207A122E4CCF00246E8A /* b2Distance.cpp */ = {isa = PBXFileReference; fileEncoding = 4; lastKnownFileType = sourcecode.cpp.cpp; path = b2Distance.cpp; sourceTree = "<group>"; };
		8CB0207B122E4CCF00246E8A /* b2PairManager.cpp */ = {isa = PBXFileReference; fileEncoding = 4; lastKnownFileType = sourcecode.cpp.cpp; path = b2PairManager.cpp; sourceTree = "<group>"; };
		8CB0207C122E4CCF00246E8A /* b2PairManager.h */ = {isa = PBXFileReference; fileEncoding = 4; lastKnownFileType = sourcecode.c.h; path = b2PairManager.h; sourceTree = "<group>"; };
		8CB0207D122E4CCF00246E8A /* b2TimeOfImpact.cpp */ = {isa = PBXFileReference; fileEncoding = 4; lastKnownFileType = sourcecode.cpp.cpp; path = b2TimeOfImpact.cpp; sourceTree = "<group>"; };
		8CB0207F122E4CCF00246E8A /* b2CircleShape.cpp */ = {isa = PBXFileReference; fileEncoding = 4; lastKnownFileType = sourcecode.cpp.cpp; path = b2CircleShape.cpp; sourceTree = "<group>"; };
		8CB02080122E4CCF00246E8A /* b2CircleShape.h */ = {isa = PBXFileReference; fileEncoding = 4; lastKnownFileType = sourcecode.c.h; path = b2CircleShape.h; sourceTree = "<group>"; };
		8CB02081122E4CCF00246E8A /* b2PolygonShape.cpp */ = {isa = PBXFileReference; fileEncoding = 4; lastKnownFileType = sourcecode.cpp.cpp; path = b2PolygonShape.cpp; sourceTree = "<group>"; };
		8CB02082122E4CCF00246E8A /* b2PolygonShape.h */ = {isa = PBXFileReference; fileEncoding = 4; lastKnownFileType = sourcecode.c.h; path = b2PolygonShape.h; sourceTree = "<group>"; };
		8CB02083122E4CCF00246E8A /* b2Shape.cpp */ = {isa = PBXFileReference; fileEncoding = 4; lastKnownFileType = sourcecode.cpp.cpp; path = b2Shape.cpp; sourceTree = "<group>"; };
		8CB02084122E4CCF00246E8A /* b2Shape.h */ = {isa = PBXFileReference; fileEncoding = 4; lastKnownFileType = sourcecode.c.h; path = b2Shape.h; sourceTree = "<group>"; };
		8CB02086122E4CCF00246E8A /* b2BlockAllocator.cpp */ = {isa = PBXFileReference; fileEncoding = 4; lastKnownFileType = sourcecode.cpp.cpp; path = b2BlockAllocator.cpp; sourceTree = "<group>"; };
		8CB02087122E4CCF00246E8A /* b2BlockAllocator.h */ = {isa = PBXFileReference; fileEncoding = 4; lastKnownFileType = sourcecode.c.h; path = b2BlockAllocator.h; sourceTree = "<group>"; };
		8CB02088122E4CCF00246E8A /* b2Math.cpp */ = {isa = PBXFileReference; fileEncoding = 4; lastKnownFileType = sourcecode.cpp.cpp; path = b2Math.cpp; sourceTree = "<group>"; };
		8CB02089122E4CCF00246E8A /* b2Math.h */ = {isa = PBXFileReference; fileEncoding = 4; lastKnownFileType = sourcecode.c.h; path = b2Math.h; sourceTree = "<group>"; };
		8CB0208A122E4CCF00246E8A /* b2Settings.cpp */ = {isa = PBXFileReference; fileEncoding = 4; lastKnownFileType = sourcecode.cpp.cpp; path = b2Settings.cpp; sourceTree = "<group>"; };
		8CB0208B122E4CCF00246E8A /* b2Settings.h */ = {isa = PBXFileReference; fileEncoding = 4; lastKnownFileType = sourcecode.c.h; path = b2Settings.h; sourceTree = "<group>"; };
		8CB0208C122E4CCF00246E8A /* b2StackAllocator.cpp */ = {isa = PBXFileReference; fileEncoding = 4; lastKnownFileType = sourcecode.cpp.cpp; path = b2StackAllocator.cpp; sourceTree = "<group>"; };
		8CB0208D122E4CCF00246E8A /* b2StackAllocator.h */ = {isa = PBXFileReference; fileEncoding = 4; lastKnownFileType = sourcecode.c.h; path = b2StackAllocator.h; sourceTree = "<group>"; };
		8CB0208E122E4CCF00246E8A /* Fixed.h */ = {isa = PBXFileReference; fileEncoding = 4; lastKnownFileType = sourcecode.c.h; path = Fixed.h; sourceTree = "<group>"; };
		8CB0208F122E4CCF00246E8A /* jtypes.h */ = {isa = PBXFileReference; fileEncoding = 4; lastKnownFileType = sourcecode.c.h; path = jtypes.h; sourceTree = "<group>"; };
		8CB02091122E4CCF00246E8A /* b2Body.cpp */ = {isa = PBXFileReference; fileEncoding = 4; lastKnownFileType = sourcecode.cpp.cpp; path = b2Body.cpp; sourceTree = "<group>"; };
		8CB02092122E4CCF00246E8A /* b2Body.h */ = {isa = PBXFileReference; fileEncoding = 4; lastKnownFileType = sourcecode.c.h; path = b2Body.h; sourceTree = "<group>"; };
		8CB02093122E4CCF00246E8A /* b2ContactManager.cpp */ = {isa = PBXFileReference; fileEncoding = 4; lastKnownFileType = sourcecode.cpp.cpp; path = b2ContactManager.cpp; sourceTree = "<group>"; };
		8CB02094122E4CCF00246E8A /* b2ContactManager.h */ = {isa = PBXFileReference; fileEncoding = 4; lastKnownFileType = sourcecode.c.h; path = b2ContactManager.h; sourceTree = "<group>"; };
		8CB02095122E4CCF00246E8A /* b2Island.cpp */ = {isa = PBXFileReference; fileEncoding = 4; lastKnownFileType = sourcecode.cpp.cpp; path = b2Island.cpp; sourceTree = "<group>"; };
		8CB02096122E4CCF00246E8A /* b2Island.h */ = {isa = PBXFileReference; fileEncoding = 4; lastKnownFileType = sourcecode.c.h; path = b2Island.h; sourceTree = "<group>"; };
		8CB02097122E4CCF00246E8A /* b2World.cpp */ = {isa = PBXFileReference; fileEncoding = 4; lastKnownFileType = sourcecode.cpp.cpp; path = b2World.cpp; sourceTree = "<group>"; };
		8CB02098122E4CCF00246E8A /* b2World.h */ = {isa = PBXFileReference; fileEncoding = 4; lastKnownFileType = sourcecode.c.h; path = b2World.h; sourceTree = "<group>"; };
		8CB02099122E4CCF00246E8A /* b2WorldCallbacks.cpp */ = {isa = PBXFileReference; fileEncoding = 4; lastKnownFileType = sourcecode.cpp.cpp; path = b2WorldCallbacks.cpp; sourceTree = "<group>"; };
		8CB0209A122E4CCF00246E8A /* b2WorldCallbacks.h */ = {isa = PBXFileReference; fileEncoding = 4; lastKnownFileType = sourcecode.c.h; path = b2WorldCallbacks.h; sourceTree = "<group>"; };
		8CB0209C122E4CCF00246E8A /* b2CircleContact.cpp */ = {isa = PBXFileReference; fileEncoding = 4; lastKnownFileType = sourcecode.cpp.cpp; path = b2CircleContact.cpp; sourceTree = "<group>"; };
		8CB0209D122E4CCF00246E8A /* b2CircleContact.h */ = {isa = PBXFileReference; fileEncoding = 4; lastKnownFileType = sourcecode.c.h; path = b2CircleContact.h; sourceTree = "<group>"; };
		8CB0209E122E4CCF00246E8A /* b2Contact.cpp */ = {isa = PBXFileReference; fileEncoding = 4; lastKnownFileType = sourcecode.cpp.cpp; path = b2Contact.cpp; sourceTree = "<group>"; };
		8CB0209F122E4CCF00246E8A /* b2Contact.h */ = {isa = PBXFileReference; fileEncoding = 4; lastKnownFileType = sourcecode.c.h; path = b2Contact.h; sourceTree = "<group>"; };
		8CB020A0122E4CCF00246E8A /* b2ContactSolver.cpp */ = {isa = PBXFileReference; fileEncoding = 4; lastKnownFileType = sourcecode.cpp.cpp; path = b2ContactSolver.cpp; sourceTree = "<group>"; };
		8CB020A1122E4CCF00246E8A /* b2ContactSolver.h */ = {isa = PBXFileReference; fileEncoding = 4; lastKnownFileType = sourcecode.c.h; path = b2ContactSolver.h; sourceTree = "<group>"; };
		8CB020A2122E4CCF00246E8A /* b2NullContact.h */ = {isa = PBXFileReference; fileEncoding = 4; lastKnownFileType = sourcecode.c.h; path = b2NullContact.h; sourceTree = "<group>"; };
		8CB020A3122E4CCF00246E8A /* b2PolyAndCircleContact.cpp */ = {isa = PBXFileReference; fileEncoding = 4; lastKnownFileType = sourcecode.cpp.cpp; path = b2PolyAndCircleContact.cpp; sourceTree = "<group>"; };
		8CB020A4122E4CCF00246E8A /* b2PolyAndCircleContact.h */ = {isa = PBXFileReference; fileEncoding = 4; lastKnownFileType = sourcecode.c.h; path = b2PolyAndCircleContact.h; sourceTree = "<group>"; };
		8CB020A5122E4CCF00246E8A /* b2PolyContact.cpp */ = {isa = PBXFileReference; fileEncoding = 4; lastKnownFileType = sourcecode.cpp.cpp; path = b2PolyContact.cpp; sourceTree = "<group>"; };
		8CB020A6122E4CCF00246E8A /* b2PolyContact.h */ = {isa = PBXFileReference; fileEncoding = 4; lastKnownFileType = sourcecode.c.h; path = b2PolyContact.h; sourceTree = "<group>"; };
		8CB020A8122E4CCF00246E8A /* b2DistanceJoint.cpp */ = {isa = PBXFileReference; fileEncoding = 4; lastKnownFileType = sourcecode.cpp.cpp; path = b2DistanceJoint.cpp; sourceTree = "<group>"; };
		8CB020A9122E4CCF00246E8A /* b2DistanceJoint.h */ = {isa = PBXFileReference; fileEncoding = 4; lastKnownFileType = sourcecode.c.h; path = b2DistanceJoint.h; sourceTree = "<group>"; };
		8CB020AA122E4CCF00246E8A /* b2GearJoint.cpp */ = {isa = PBXFileReference; fileEncoding = 4; lastKnownFileType = sourcecode.cpp.cpp; path = b2GearJoint.cpp; sourceTree = "<group>"; };
		8CB020AB122E4CCF00246E8A /* b2GearJoint.h */ = {isa = PBXFileReference; fileEncoding = 4; lastKnownFileType = sourcecode.c.h; path = b2GearJoint.h; sourceTree = "<group>"; };
		8CB020AC122E4CCF00246E8A /* b2Joint.cpp */ = {isa = PBXFileReference; fileEncoding = 4; lastKnownFileType = sourcecode.cpp.cpp; path = b2Joint.cpp; sourceTree = "<group>"; };
		8CB020AD122E4CCF00246E8A /* b2Joint.h */ = {isa = PBXFileReference; fileEncoding = 4; lastKnownFileType = sourcecode.c.h; path = b2Joint.h; sourceTree = "<group>"; };
		8CB020AE122E4CCF00246E8A /* b2MouseJoint.cpp */ = {isa = PBXFileReference; fileEncoding = 4; lastKnownFileType = sourcecode.cpp.cpp; path = b2MouseJoint.cpp; sourceTree = "<group>"; };
		8CB020AF122E4CCF00246E8A /* b2MouseJoint.h */ = {isa = PBXFileReference; fileEncoding = 4; lastKnownFileType = sourcecode.c.h; path = b2MouseJoint.h; sourceTree = "<group>"; };
		8CB020B0122E4CCF00246E8A /* b2PrismaticJoint.cpp */ = {isa = PBXFileReference; fileEncoding = 4; lastKnownFileType = sourcecode.cpp.cpp; path = b2PrismaticJoint.cpp; sourceTree = "<group>"; };
		8CB020B1122E4CCF00246E8A /* b2PrismaticJoint.h */ = {isa = PBXFileReference; fileEncoding = 4; lastKnownFileType = sourcecode.c.h; path = b2PrismaticJoint.h; sourceTree = "<group>"; };
		8CB020B2122E4CCF00246E8A /* b2PulleyJoint.cpp */ = {isa = PBXFileReference; fileEncoding = 4; lastKnownFileType = sourcecode.cpp.cpp; path = b2PulleyJoint.cpp; sourceTree = "<group>"; };
		8CB020B3122E4CCF00246E8A /* b2PulleyJoint.h */ = {isa = PBXFileReference; fileEncoding = 4; lastKnownFileType = sourcecode.c.h; path = b2PulleyJoint.h; sourceTree = "<group>"; };
		8CB020B4122E4CCF00246E8A /* b2RevoluteJoint.cpp */ = {isa = PBXFileReference; fileEncoding = 4; lastKnownFileType = sourcecode.cpp.cpp; path = b2RevoluteJoint.cpp; sourceTree = "<group>"; };
		8CB020B5122E4CCF00246E8A /* b2RevoluteJoint.h */ = {isa = PBXFileReference; fileEncoding = 4; lastKnownFileType = sourcecode.c.h; path = b2RevoluteJoint.h; sourceTree = "<group>"; };
/* End PBXFileReference section */

/* Begin PBXFrameworksBuildPhase section */
		1D60588F0D05DD3D006BFB54 /* Frameworks */ = {
			isa = PBXFrameworksBuildPhase;
			buildActionMask = 2147483647;
			files = (
				1D60589F0D05DD5A006BFB54 /* Foundation.framework in Frameworks */,
				1DF5F4E00D08C38300B7A737 /* UIKit.framework in Frameworks */,
				288765FD0DF74451002DB57D /* CoreGraphics.framework in Frameworks */,
				187E22A61165EC3200EA912F /* CoreAudio.framework in Frameworks */,
				187E22CE1165EC7600EA912F /* AudioToolbox.framework in Frameworks */,
				187E22D41165ECA100EA912F /* QuartzCore.framework in Frameworks */,
				187E22DA1165ECC200EA912F /* OpenAL.framework in Frameworks */,
				18FFC80E121597520092C8F5 /* CFNetwork.framework in Frameworks */,
				8C80A4E1125357AC003DDD40 /* MessageUI.framework in Frameworks */,
				8C80A4E9125357EF003DDD40 /* Security.framework in Frameworks */,
				8C80A4EF12535808003DDD40 /* SystemConfiguration.framework in Frameworks */,
				189EB338125B052200262E27 /* StoreKit.framework in Frameworks */,
				18D79587127B2A4700BD5445 /* OpenGLES.framework in Frameworks */,
				183C009213CE09D80013CB08 /* iAd.framework in Frameworks */,
			);
			runOnlyForDeploymentPostprocessing = 0;
		};
/* End PBXFrameworksBuildPhase section */

/* Begin PBXGroup section */
		080E96DDFE201D6D7F000001 /* Classes */ = {
			isa = PBXGroup;
			children = (
				18E9F5971255DD1600423916 /* objects */,
				1D3623240D0F684500981E51 /* EngineAppDelegate.h */,
				1D3623250D0F684500981E51 /* EngineAppDelegate.m */,
				18D79551127B29C800BD5445 /* GLView.h */,
				18D79552127B29C800BD5445 /* GLView.m */,
				18D79559127B2A0000BD5445 /* OpenGLCommon.h */,
				189015D6129175060027418F /* PrSettings.h */,
				189015D5129175060027418F /* PrSettings.m */,
				189015D7129175060027418F /* RootViewController.h */,
				189015E2129175060027418F /* RootViewController.m */,
				189015DA129175060027418F /* OpenGLCommon.h */,
				189015DD129175060027418F /* PreviewController.h */,
				189015DE129175060027418F /* PreviewController.m */,
				189015EB129175060027418F /* MainController.h */,
				189015EC129175060027418F /* MainController.m */,
				189015EA129175060027418F /* ObjectManager_Ex.h */,
				189015E8129175060027418F /* ObjectManager_Ex.mm */,
				183C008E13CE08F60013CB08 /* Dictionary_Ex.h */,
				183C008F13CE08F60013CB08 /* Dictionary_Ex.m */,
				18444D9913D93A6C0058ADC9 /* Mega_tree.h */,
				18444D9A13D93A6C0058ADC9 /* Mega_tree.m */,
				187D25CD13E5ABF600C82DBB /* Processor_ex.h */,
				187D25CE13E5ABF600C82DBB /* Processor_ex.mm */,
				18D79556127B29E600BD5445 /* ConstantsAndMacros.h */,
			);
			path = Classes;
			sourceTree = "<group>";
		};
		1808F33112D9F82C00522EED /* forms */ = {
			isa = PBXGroup;
			children = (
				1808F33212D9F82C00522EED /* mainController.xib */,
				1808F33312D9F82C00522EED /* MainWindow.xib */,
				1808F33412D9F82C00522EED /* PreviewController.xib */,
			);
			name = forms;
			path = resources/funDreams1/forms;
			sourceTree = "<group>";
		};
		1808F33B12D9F85700522EED /* Resources-iPad */ = {
			isa = PBXGroup;
			children = (
				1808F33C12D9F85700522EED /* mainController-ipad.xib */,
				1808F33D12D9F85700522EED /* MainWindow-iPad.xib */,
				1808F33E12D9F85700522EED /* PreviewController-ipad.xib */,
			);
			name = "Resources-iPad";
			path = "resources/funDreams1/Resources-iPad";
			sourceTree = "<group>";
		};
		1808F34412D9F8D100522EED /* Sound & Music */ = {
			isa = PBXGroup;
			children = (
			);
			name = "Sound & Music";
			path = "resources/funDreams1/Sound & Music";
			sourceTree = "<group>";
		};
		1808F34E12D9F94000522EED /* Art */ = {
			isa = PBXGroup;
			children = (
				1852D3D613D1F29500180809 /* sounds */,
				1852D3D713D1F29500180809 /* sounds_loop */,
				1852D3D413D18B2B00180809 /* texture */,
				1808F36212D9F94100522EED /* icons */,
				1808F36712D9F94100522EED /* interface */,
			);
			name = Art;
			path = resources/funDreams1/Art;
			sourceTree = "<group>";
		};
		1808F36212D9F94100522EED /* icons */ = {
			isa = PBXGroup;
			children = (
				1808F36312D9F94100522EED /* icon.png */,
			);
			path = icons;
			sourceTree = "<group>";
		};
		1808F36712D9F94100522EED /* interface */ = {
			isa = PBXGroup;
			children = (
				1808F36912D9F94100522EED /* Default.png */,
				1808F36A12D9F94100522EED /* Default@2x.png */,
			);
			path = interface;
			sourceTree = "<group>";
		};
		187E228C1165E9CB00EA912F /* AudioSupport */ = {
			isa = PBXGroup;
			children = (
				187E228D1165E9CB00EA912F /* SoundEngine.cpp */,
				187E228E1165E9CB00EA912F /* SoundEngine.h */,
			);
			path = AudioSupport;
			sourceTree = "<group>";
		};
		1890156C1291684E0027418F /* MKStoreKit */ = {
			isa = PBXGroup;
			children = (
				1890156D1291684E0027418F /* MKStoreManager.h */,
				1890156E1291684E0027418F /* MKStoreManager.m */,
				1890156F1291684E0027418F /* MKStoreObserver.h */,
				189015701291684E0027418F /* MKStoreObserver.m */,
				189015711291684E0027418F /* readme.txt */,
			);
			path = MKStoreKit;
			sourceTree = "<group>";
		};
		18E9F5971255DD1600423916 /* objects */ = {
			isa = PBXGroup;
			children = (
				18444D9C13D93D8D0058ADC9 /* ObjectTest.h */,
				18444D9D13D93D8D0058ADC9 /* ObjectTest.mm */,
				181F2BB612D50229008A6482 /* ObjectCup.h */,
				181F2BB512D50229008A6482 /* ObjectCup.mm */,
				181F2BA612D5019E008A6482 /* ObjectButton.h */,
				181F2BA512D5019E008A6482 /* ObjectButton.mm */,
				18020B7412C67608001F2D16 /* ObjectAlNumber.h */,
				18020B7512C67608001F2D16 /* ObjectAlNumber.mm */,
				18F86DE4129A9A4E0068A469 /* StaticObject.h */,
				18F86DE5129A9A4E0068A469 /* StaticObject.mm */,
				18F86B2E129975A20068A469 /* ObjectTemplet.h */,
				18F86B2F129975A20068A469 /* ObjectTemplet.mm */,
				18901614129178860027418F /* Object.h */,
				18901615129178860027418F /* Object.m */,
				1890161A129178860027418F /* Physics.h */,
				18901616129178860027418F /* Physics.mm */,
				18901617129178860027418F /* Jumper.h */,
				18901618129178860027418F /* Jumper.mm */,
				1890164312917AE10027418F /* GameLogicObject.h */,
				1859FF781295BEEB00898BFE /* GameLogicObject.mm */,
			);
			name = objects;
			sourceTree = "<group>";
		};
		18F1AF24116AE09B008C02F1 /* FileManagers */ = {
			isa = PBXGroup;
			children = (
				189015A7129171540027418F /* DtManager.h */,
				189015A8129171540027418F /* DtManager.m */,
				189015A9129171540027418F /* PlManager.h */,
				189015AA129171540027418F /* PlManager.m */,
			);
			name = FileManagers;
			sourceTree = "<group>";
		};
		19C28FACFE9D520D11CA2CBB /* Products */ = {
			isa = PBXGroup;
			children = (
				1D6058910D05DD3D006BFB54 /* FunDream_1.app */,
			);
			name = Products;
			sourceTree = "<group>";
		};
		29B97314FDCFA39411CA2CEA /* CustomTemplate */ = {
			isa = PBXGroup;
			children = (
				1890156C1291684E0027418F /* MKStoreKit */,
				29B97317FDCFA39411CA2CEA /* Resources */,
				187E228C1165E9CB00EA912F /* AudioSupport */,
				8CB01F65122E4CCE00246E8A /* Box2D */,
				080E96DDFE201D6D7F000001 /* Classes */,
				18F1AF24116AE09B008C02F1 /* FileManagers */,
				29B97323FDCFA39411CA2CEA /* Frameworks */,
				29B97315FDCFA39411CA2CEA /* Other Sources */,
				19C28FACFE9D520D11CA2CBB /* Products */,
			);
			name = CustomTemplate;
			sourceTree = "<group>";
		};
		29B97315FDCFA39411CA2CEA /* Other Sources */ = {
			isa = PBXGroup;
			children = (
				29B97316FDCFA39411CA2CEA /* main.m */,
				8C90669E11A569110063689E /* FunDream_1_Prefix.pch */,
			);
			name = "Other Sources";
			sourceTree = "<group>";
		};
		29B97317FDCFA39411CA2CEA /* Resources */ = {
			isa = PBXGroup;
			children = (
				1808F62012DA0ECD00522EED /* FunDream_1-Info.plist */,
				1808F34E12D9F94000522EED /* Art */,
				1808F34412D9F8D100522EED /* Sound & Music */,
				1808F33B12D9F85700522EED /* Resources-iPad */,
				1808F33112D9F82C00522EED /* forms */,
			);
			name = Resources;
			sourceTree = "<group>";
		};
		29B97323FDCFA39411CA2CEA /* Frameworks */ = {
			isa = PBXGroup;
			children = (
				183C009113CE09D80013CB08 /* iAd.framework */,
				1820909A125DE2D8000CDB9D /* StoreKit.framework */,
				8C80A4E0125357AC003DDD40 /* MessageUI.framework */,
				8C80A4E8125357EF003DDD40 /* Security.framework */,
				8C80A4EE12535808003DDD40 /* SystemConfiguration.framework */,
				1DF5F4DF0D08C38300B7A737 /* UIKit.framework */,
				1D30AB110D05D00D00671497 /* Foundation.framework */,
				187E22A51165EC3200EA912F /* CoreAudio.framework */,
				288765FC0DF74451002DB57D /* CoreGraphics.framework */,
				187E22CD1165EC7600EA912F /* AudioToolbox.framework */,
				187E22D31165ECA100EA912F /* QuartzCore.framework */,
				187E22D91165ECC200EA912F /* OpenAL.framework */,
				18FFC80D121597520092C8F5 /* CFNetwork.framework */,
				189EB337125B052200262E27 /* StoreKit.framework */,
				18D79586127B2A4700BD5445 /* OpenGLES.framework */,
			);
			name = Frameworks;
			sourceTree = "<group>";
		};
		8CB01F65122E4CCE00246E8A /* Box2D */ = {
			isa = PBXGroup;
			children = (
				8CB0206C122E4CCF00246E8A /* Include */,
				8CB02072122E4CCF00246E8A /* Source */,
			);
			path = Box2D;
			sourceTree = "<group>";
		};
		8CB0206C122E4CCF00246E8A /* Include */ = {
			isa = PBXGroup;
			children = (
				8CB0206D122E4CCF00246E8A /* Box2D.h */,
			);
			path = Include;
			sourceTree = "<group>";
		};
		8CB02072122E4CCF00246E8A /* Source */ = {
			isa = PBXGroup;
			children = (
				8CB02073122E4CCF00246E8A /* Collision */,
				8CB02085122E4CCF00246E8A /* Common */,
				8CB02090122E4CCF00246E8A /* Dynamics */,
			);
			path = Source;
			sourceTree = "<group>";
		};
		8CB02073122E4CCF00246E8A /* Collision */ = {
			isa = PBXGroup;
			children = (
				8CB02074122E4CCF00246E8A /* b2BroadPhase.cpp */,
				8CB02075122E4CCF00246E8A /* b2BroadPhase.h */,
				8CB02076122E4CCF00246E8A /* b2CollideCircle.cpp */,
				8CB02077122E4CCF00246E8A /* b2CollidePoly.cpp */,
				8CB02078122E4CCF00246E8A /* b2Collision.cpp */,
				8CB02079122E4CCF00246E8A /* b2Collision.h */,
				8CB0207A122E4CCF00246E8A /* b2Distance.cpp */,
				8CB0207B122E4CCF00246E8A /* b2PairManager.cpp */,
				8CB0207C122E4CCF00246E8A /* b2PairManager.h */,
				8CB0207D122E4CCF00246E8A /* b2TimeOfImpact.cpp */,
				8CB0207E122E4CCF00246E8A /* Shapes */,
			);
			path = Collision;
			sourceTree = "<group>";
		};
		8CB0207E122E4CCF00246E8A /* Shapes */ = {
			isa = PBXGroup;
			children = (
				8CB0207F122E4CCF00246E8A /* b2CircleShape.cpp */,
				8CB02080122E4CCF00246E8A /* b2CircleShape.h */,
				8CB02081122E4CCF00246E8A /* b2PolygonShape.cpp */,
				8CB02082122E4CCF00246E8A /* b2PolygonShape.h */,
				8CB02083122E4CCF00246E8A /* b2Shape.cpp */,
				8CB02084122E4CCF00246E8A /* b2Shape.h */,
			);
			path = Shapes;
			sourceTree = "<group>";
		};
		8CB02085122E4CCF00246E8A /* Common */ = {
			isa = PBXGroup;
			children = (
				8CB02086122E4CCF00246E8A /* b2BlockAllocator.cpp */,
				8CB02087122E4CCF00246E8A /* b2BlockAllocator.h */,
				8CB02088122E4CCF00246E8A /* b2Math.cpp */,
				8CB02089122E4CCF00246E8A /* b2Math.h */,
				8CB0208A122E4CCF00246E8A /* b2Settings.cpp */,
				8CB0208B122E4CCF00246E8A /* b2Settings.h */,
				8CB0208C122E4CCF00246E8A /* b2StackAllocator.cpp */,
				8CB0208D122E4CCF00246E8A /* b2StackAllocator.h */,
				8CB0208E122E4CCF00246E8A /* Fixed.h */,
				8CB0208F122E4CCF00246E8A /* jtypes.h */,
			);
			path = Common;
			sourceTree = "<group>";
		};
		8CB02090122E4CCF00246E8A /* Dynamics */ = {
			isa = PBXGroup;
			children = (
				8CB02091122E4CCF00246E8A /* b2Body.cpp */,
				8CB02092122E4CCF00246E8A /* b2Body.h */,
				8CB02093122E4CCF00246E8A /* b2ContactManager.cpp */,
				8CB02094122E4CCF00246E8A /* b2ContactManager.h */,
				8CB02095122E4CCF00246E8A /* b2Island.cpp */,
				8CB02096122E4CCF00246E8A /* b2Island.h */,
				8CB02097122E4CCF00246E8A /* b2World.cpp */,
				8CB02098122E4CCF00246E8A /* b2World.h */,
				8CB02099122E4CCF00246E8A /* b2WorldCallbacks.cpp */,
				8CB0209A122E4CCF00246E8A /* b2WorldCallbacks.h */,
				8CB0209B122E4CCF00246E8A /* Contacts */,
				8CB020A7122E4CCF00246E8A /* Joints */,
			);
			path = Dynamics;
			sourceTree = "<group>";
		};
		8CB0209B122E4CCF00246E8A /* Contacts */ = {
			isa = PBXGroup;
			children = (
				8CB0209C122E4CCF00246E8A /* b2CircleContact.cpp */,
				8CB0209D122E4CCF00246E8A /* b2CircleContact.h */,
				8CB0209E122E4CCF00246E8A /* b2Contact.cpp */,
				8CB0209F122E4CCF00246E8A /* b2Contact.h */,
				8CB020A0122E4CCF00246E8A /* b2ContactSolver.cpp */,
				8CB020A1122E4CCF00246E8A /* b2ContactSolver.h */,
				8CB020A2122E4CCF00246E8A /* b2NullContact.h */,
				8CB020A3122E4CCF00246E8A /* b2PolyAndCircleContact.cpp */,
				8CB020A4122E4CCF00246E8A /* b2PolyAndCircleContact.h */,
				8CB020A5122E4CCF00246E8A /* b2PolyContact.cpp */,
				8CB020A6122E4CCF00246E8A /* b2PolyContact.h */,
			);
			path = Contacts;
			sourceTree = "<group>";
		};
		8CB020A7122E4CCF00246E8A /* Joints */ = {
			isa = PBXGroup;
			children = (
				8CB020A8122E4CCF00246E8A /* b2DistanceJoint.cpp */,
				8CB020A9122E4CCF00246E8A /* b2DistanceJoint.h */,
				8CB020AA122E4CCF00246E8A /* b2GearJoint.cpp */,
				8CB020AB122E4CCF00246E8A /* b2GearJoint.h */,
				8CB020AC122E4CCF00246E8A /* b2Joint.cpp */,
				8CB020AD122E4CCF00246E8A /* b2Joint.h */,
				8CB020AE122E4CCF00246E8A /* b2MouseJoint.cpp */,
				8CB020AF122E4CCF00246E8A /* b2MouseJoint.h */,
				8CB020B0122E4CCF00246E8A /* b2PrismaticJoint.cpp */,
				8CB020B1122E4CCF00246E8A /* b2PrismaticJoint.h */,
				8CB020B2122E4CCF00246E8A /* b2PulleyJoint.cpp */,
				8CB020B3122E4CCF00246E8A /* b2PulleyJoint.h */,
				8CB020B4122E4CCF00246E8A /* b2RevoluteJoint.cpp */,
				8CB020B5122E4CCF00246E8A /* b2RevoluteJoint.h */,
			);
			path = Joints;
			sourceTree = "<group>";
		};
/* End PBXGroup section */

/* Begin PBXNativeTarget section */
		1D6058900D05DD3D006BFB54 /* FunDream_1 */ = {
			isa = PBXNativeTarget;
			buildConfigurationList = 1D6058960D05DD3E006BFB54 /* Build configuration list for PBXNativeTarget "FunDream_1" */;
			buildPhases = (
				1D60588D0D05DD3D006BFB54 /* Resources */,
				1D60588E0D05DD3D006BFB54 /* Sources */,
				1D60588F0D05DD3D006BFB54 /* Frameworks */,
			);
			buildRules = (
			);
			dependencies = (
			);
			name = FunDream_1;
			productName = Engine;
			productReference = 1D6058910D05DD3D006BFB54 /* FunDream_1.app */;
			productType = "com.apple.product-type.application";
		};
/* End PBXNativeTarget section */

/* Begin PBXProject section */
		29B97313FDCFA39411CA2CEA /* Project object */ = {
			isa = PBXProject;
			attributes = {
				ORGANIZATIONNAME = FunDreams;
			};
			buildConfigurationList = C01FCF4E08A954540054247B /* Build configuration list for PBXProject "FunDream_1" */;
			compatibilityVersion = "Xcode 3.2";
			developmentRegion = English;
			hasScannedForEncodings = 1;
			knownRegions = (
				English,
				Japanese,
				French,
				German,
				de,
				en,
			);
			mainGroup = 29B97314FDCFA39411CA2CEA /* CustomTemplate */;
			projectDirPath = "";
			projectRoot = "";
			targets = (
				1D6058900D05DD3D006BFB54 /* FunDream_1 */,
			);
		};
/* End PBXProject section */

/* Begin PBXResourcesBuildPhase section */
		1D60588D0D05DD3D006BFB54 /* Resources */ = {
			isa = PBXResourcesBuildPhase;
			buildActionMask = 2147483647;
			files = (
				1808F33512D9F82C00522EED /* mainController.xib in Resources */,
				1808F33612D9F82C00522EED /* MainWindow.xib in Resources */,
				1808F33712D9F82C00522EED /* PreviewController.xib in Resources */,
				1808F33F12D9F85700522EED /* mainController-ipad.xib in Resources */,
				1808F34012D9F85700522EED /* MainWindow-iPad.xib in Resources */,
				1808F34112D9F85700522EED /* PreviewController-ipad.xib in Resources */,
				1808F46A12D9F94100522EED /* icon.png in Resources */,
				1808F46E12D9F94100522EED /* Default.png in Resources */,
				1808F46F12D9F94100522EED /* Default@2x.png in Resources */,
				1808F62112DA0ECD00522EED /* FunDream_1-Info.plist in Resources */,
				1852D3D513D18B2C00180809 /* texture in Resources */,
				1852D3D813D1F29500180809 /* sounds in Resources */,
				1852D3D913D1F29500180809 /* sounds_loop in Resources */,
			);
			runOnlyForDeploymentPostprocessing = 0;
		};
/* End PBXResourcesBuildPhase section */

/* Begin PBXSourcesBuildPhase section */
		1D60588E0D05DD3D006BFB54 /* Sources */ = {
			isa = PBXSourcesBuildPhase;
			buildActionMask = 2147483647;
			files = (
				1D60589B0D05DD56006BFB54 /* main.m in Sources */,
				1D3623260D0F684500981E51 /* EngineAppDelegate.m in Sources */,
				187E228F1165E9CB00EA912F /* SoundEngine.cpp in Sources */,
				8CB02170122E4CCF00246E8A /* b2BroadPhase.cpp in Sources */,
				8CB02171122E4CCF00246E8A /* b2CollideCircle.cpp in Sources */,
				8CB02172122E4CCF00246E8A /* b2CollidePoly.cpp in Sources */,
				8CB02173122E4CCF00246E8A /* b2Collision.cpp in Sources */,
				8CB02174122E4CCF00246E8A /* b2Distance.cpp in Sources */,
				8CB02175122E4CCF00246E8A /* b2PairManager.cpp in Sources */,
				8CB02176122E4CCF00246E8A /* b2TimeOfImpact.cpp in Sources */,
				8CB02177122E4CCF00246E8A /* b2CircleShape.cpp in Sources */,
				8CB02178122E4CCF00246E8A /* b2PolygonShape.cpp in Sources */,
				8CB02179122E4CCF00246E8A /* b2Shape.cpp in Sources */,
				8CB0217A122E4CCF00246E8A /* b2BlockAllocator.cpp in Sources */,
				8CB0217B122E4CCF00246E8A /* b2Math.cpp in Sources */,
				8CB0217C122E4CCF00246E8A /* b2Settings.cpp in Sources */,
				8CB0217D122E4CCF00246E8A /* b2StackAllocator.cpp in Sources */,
				8CB0217E122E4CCF00246E8A /* b2Body.cpp in Sources */,
				8CB0217F122E4CCF00246E8A /* b2ContactManager.cpp in Sources */,
				8CB02180122E4CCF00246E8A /* b2Island.cpp in Sources */,
				8CB02181122E4CCF00246E8A /* b2World.cpp in Sources */,
				8CB02182122E4CCF00246E8A /* b2WorldCallbacks.cpp in Sources */,
				8CB02183122E4CCF00246E8A /* b2CircleContact.cpp in Sources */,
				8CB02184122E4CCF00246E8A /* b2Contact.cpp in Sources */,
				8CB02185122E4CCF00246E8A /* b2ContactSolver.cpp in Sources */,
				8CB02186122E4CCF00246E8A /* b2PolyAndCircleContact.cpp in Sources */,
				8CB02187122E4CCF00246E8A /* b2PolyContact.cpp in Sources */,
				8CB02188122E4CCF00246E8A /* b2DistanceJoint.cpp in Sources */,
				8CB02189122E4CCF00246E8A /* b2GearJoint.cpp in Sources */,
				8CB0218A122E4CCF00246E8A /* b2Joint.cpp in Sources */,
				8CB0218B122E4CCF00246E8A /* b2MouseJoint.cpp in Sources */,
				8CB0218C122E4CCF00246E8A /* b2PrismaticJoint.cpp in Sources */,
				8CB0218D122E4CCF00246E8A /* b2PulleyJoint.cpp in Sources */,
				8CB0218E122E4CCF00246E8A /* b2RevoluteJoint.cpp in Sources */,
				18D79553127B29C800BD5445 /* GLView.m in Sources */,
				189015721291684E0027418F /* MKStoreManager.m in Sources */,
				189015731291684E0027418F /* MKStoreObserver.m in Sources */,
				189015AB129171540027418F /* DtManager.m in Sources */,
				189015AC129171540027418F /* PlManager.m in Sources */,
				189015F1129175060027418F /* PrSettings.m in Sources */,
				189015F3129175060027418F /* PreviewController.m in Sources */,
				189015F6129175060027418F /* RootViewController.m in Sources */,
				189015FA129175060027418F /* ObjectManager_Ex.mm in Sources */,
				189015FC129175060027418F /* MainController.m in Sources */,
				1890161C129178860027418F /* Object.m in Sources */,
				1890161D129178860027418F /* Physics.mm in Sources */,
				1890161E129178860027418F /* Jumper.mm in Sources */,
				1859FF791295BEEB00898BFE /* GameLogicObject.mm in Sources */,
				18F86B30129975A20068A469 /* ObjectTemplet.mm in Sources */,
				18F86DE6129A9A4E0068A469 /* StaticObject.mm in Sources */,
				18020B7612C67608001F2D16 /* ObjectAlNumber.mm in Sources */,
				181F2BA712D5019E008A6482 /* ObjectButton.mm in Sources */,
				181F2BB712D50229008A6482 /* ObjectCup.mm in Sources */,
				183C009013CE08F60013CB08 /* Dictionary_Ex.m in Sources */,
				18444D9B13D93A6C0058ADC9 /* Mega_tree.m in Sources */,
				18444D9E13D93D8D0058ADC9 /* ObjectTest.mm in Sources */,
				187D25CF13E5ABF600C82DBB /* Processor_ex.mm in Sources */,
			);
			runOnlyForDeploymentPostprocessing = 0;
		};
/* End PBXSourcesBuildPhase section */

/* Begin XCBuildConfiguration section */
		18B19489126870F700C0A5BC /* distrubution */ = {
			isa = XCBuildConfiguration;
			buildSettings = {
				ARCHS = "$(ARCHS_STANDARD_32_BIT)";
				CODE_SIGN_IDENTITY = "iPhone Distribution: Konstantin Maximov";
				"CODE_SIGN_IDENTITY[sdk=iphoneos*]" = "iPhone Distribution";
				GCC_C_LANGUAGE_STANDARD = c99;
				GCC_WARN_ABOUT_RETURN_TYPE = YES;
				GCC_WARN_UNUSED_VARIABLE = YES;
				HEADER_SEARCH_PATHS = "facebook-iphone-sdk/src";
				IPHONEOS_DEPLOYMENT_TARGET = 3.0;
				PREBINDING = NO;
				PROVISIONING_PROFILE = "A6578CF4-91E5-4B99-A93A-78A5E48019E1";
				"PROVISIONING_PROFILE[sdk=iphoneos*]" = "";
				SDKROOT = iphoneos;
			};
			name = distrubution;
		};
		18B1948A126870F700C0A5BC /* distrubution */ = {
			isa = XCBuildConfiguration;
			buildSettings = {
				ALWAYS_SEARCH_USER_PATHS = NO;
				ARCHS = "$(ARCHS_STANDARD_32_BIT)";
				COPY_PHASE_STRIP = YES;
				GCC_PRECOMPILE_PREFIX_HEADER = YES;
				GCC_PREFIX_HEADER = FunDream_1_Prefix.pch;
				INFOPLIST_FILE = "FunDream_1-Info.plist";
				IPHONEOS_DEPLOYMENT_TARGET = 3.0;
				LIBRARY_SEARCH_PATHS = (
					"$(inherited)",
					"\"$(SRCROOT)/Box2D/Build/Xcode/build/Debug\"",
				);
				PRODUCT_NAME = FunDream_1;
				SDKROOT = iphoneos;
				TARGETED_DEVICE_FAMILY = "1,2";
			};
			name = distrubution;
		};
		1D6058940D05DD3E006BFB54 /* Debug */ = {
			isa = XCBuildConfiguration;
			buildSettings = {
				ALWAYS_SEARCH_USER_PATHS = NO;
				ARCHS = "$(ARCHS_STANDARD_32_BIT)";
				COPY_PHASE_STRIP = NO;
				GCC_DYNAMIC_NO_PIC = NO;
				GCC_OPTIMIZATION_LEVEL = 0;
				GCC_PRECOMPILE_PREFIX_HEADER = YES;
				GCC_PREFIX_HEADER = FunDream_1_Prefix.pch;
				INFOPLIST_FILE = "FunDream_1-Info.plist";
				IPHONEOS_DEPLOYMENT_TARGET = 3.0;
				LIBRARY_SEARCH_PATHS = (
					"$(inherited)",
					"\"$(SRCROOT)/Box2D/Build/Xcode/build/Debug\"",
				);
				PRODUCT_NAME = FunDream_1;
				SDKROOT = iphoneos;
				TARGETED_DEVICE_FAMILY = "1,2";
			};
			name = Debug;
		};
		1D6058950D05DD3E006BFB54 /* Release */ = {
			isa = XCBuildConfiguration;
			buildSettings = {
				ALWAYS_SEARCH_USER_PATHS = NO;
				ARCHS = "$(ARCHS_STANDARD_32_BIT)";
				"CODE_SIGN_IDENTITY[sdk=iphoneos*]" = "iPhone Developer";
				COPY_PHASE_STRIP = YES;
				GCC_PRECOMPILE_PREFIX_HEADER = YES;
				GCC_PREFIX_HEADER = FunDream_1_Prefix.pch;
				INFOPLIST_FILE = "FunDream_1-Info.plist";
				IPHONEOS_DEPLOYMENT_TARGET = 3.0;
				LIBRARY_SEARCH_PATHS = (
					"$(inherited)",
					"\"$(SRCROOT)/Box2D/Build/Xcode/build/Debug\"",
				);
				PRODUCT_NAME = FunDream_1;
				"PROVISIONING_PROFILE[sdk=iphoneos*]" = "";
				SDKROOT = iphoneos;
				TARGETED_DEVICE_FAMILY = "1,2";
			};
			name = Release;
		};
		C01FCF4F08A954540054247B /* Debug */ = {
			isa = XCBuildConfiguration;
			buildSettings = {
				ARCHS = "$(ARCHS_STANDARD_32_BIT)";
				CODE_SIGN_IDENTITY = "iPhone Developer: Konstantin Maximov (N69GKKQTCN)";
				"CODE_SIGN_IDENTITY[sdk=iphoneos*]" = "iPhone Developer";
				GCC_C_LANGUAGE_STANDARD = c99;
				GCC_PREPROCESSOR_DEFINITIONS = "DEBUG=1";
				GCC_WARN_ABOUT_RETURN_TYPE = YES;
				GCC_WARN_UNUSED_VARIABLE = YES;
				HEADER_SEARCH_PATHS = "facebook-iphone-sdk/src";
				ONLY_ACTIVE_ARCH = YES;
				OTHER_CFLAGS = "-DTARGET_OS_IPHONE";
				PREBINDING = NO;
				PROVISIONING_PROFILE = "CB00DAA7-3685-4E33-BAFC-A5D78CEB2C90";
				"PROVISIONING_PROFILE[sdk=iphoneos*]" = "";
				SDKROOT = iphoneos;
			};
			name = Debug;
		};
		C01FCF5008A954540054247B /* Release */ = {
			isa = XCBuildConfiguration;
			buildSettings = {
				ARCHS = "$(ARCHS_STANDARD_32_BIT)";
				CODE_SIGN_IDENTITY = "iPhone Developer: Konstantin Maximov (N69GKKQTCN)";
				"CODE_SIGN_IDENTITY[sdk=iphoneos*]" = "iPhone Developer";
				GCC_C_LANGUAGE_STANDARD = c99;
				GCC_WARN_ABOUT_RETURN_TYPE = YES;
				GCC_WARN_UNUSED_VARIABLE = YES;
				HEADER_SEARCH_PATHS = "facebook-iphone-sdk/src";
				INFOPLIST_EXPAND_BUILD_SETTINGS = YES;
				INFOPLIST_FILE = "FunDreams-Info.plist";
				IPHONEOS_DEPLOYMENT_TARGET = 3.0;
				ONLY_ACTIVE_ARCH = YES;
				PREBINDING = NO;
				PROVISIONING_PROFILE = "AE473439-E79A-4EF4-8DE2-8CCC60D3F80D";
				"PROVISIONING_PROFILE[sdk=iphoneos*]" = "";
				SDKROOT = iphoneos;
				TARGETED_DEVICE_FAMILY = "1,2";
			};
			name = Release;
		};
/* End XCBuildConfiguration section */

/* Begin XCConfigurationList section */
		1D6058960D05DD3E006BFB54 /* Build configuration list for PBXNativeTarget "FunDream_1" */ = {
			isa = XCConfigurationList;
			buildConfigurations = (
				1D6058940D05DD3E006BFB54 /* Debug */,
				1D6058950D05DD3E006BFB54 /* Release */,
				18B1948A126870F700C0A5BC /* distrubution */,
			);
			defaultConfigurationIsVisible = 0;
			defaultConfigurationName = Debug;
		};
		C01FCF4E08A954540054247B /* Build configuration list for PBXProject "FunDream_1" */ = {
			isa = XCConfigurationList;
			buildConfigurations = (
				C01FCF4F08A954540054247B /* Debug */,
				C01FCF5008A954540054247B /* Release */,
				18B19489126870F700C0A5BC /* distrubution */,
			);
			defaultConfigurationIsVisible = 0;
			defaultConfigurationName = Debug;
		};
/* End XCConfigurationList section */
	};
	rootObject = 29B97313FDCFA39411CA2CEA /* Project object */;
}
